
Microsoft Visual Studio Solution File, Format Version 12.00
# Visual Studio 15
Project("{FAE04EC0-301F-11D3-BF4B-00C04F79EFBC}") = "CW.Common", "CW.Common.csproj", "{1A7BAE28-E9FC-4A55-49C7-164A2A6A442E}"
EndProject
Project("{FAE04EC0-301F-11D3-BF4B-00C04F79EFBC}") = "LeanCommon", "LeanCommon.csproj", "{844D7B48-9FE1-256A-EC98-259B1464DD15}"
EndProject
Project("{FAE04EC0-301F-11D3-BF4B-00C04F79EFBC}") = "LeanTouch", "LeanTouch.csproj", "{633897FB-7290-78AB-2CB8-C0F5991757FA}"
EndProject
Project("{FAE04EC0-301F-11D3-BF4B-00C04F79EFBC}") = "Assembly-CSharp", "Assembly-CSharp.csproj", "{AC465AD2-7804-8AC7-5236-19CA270333BD}"
EndProject
Global
	GlobalSection(SolutionConfigurationPlatforms) = preSolution
		Debug|Any CPU = Debug|Any CPU
		Release|Any CPU = Release|Any CPU
	EndGlobalSection
	GlobalSection(ProjectConfigurationPlatforms) = postSolution
		{1A7BAE28-E9FC-4A55-49C7-164A2A6A442E}.Debug|Any CPU.ActiveCfg = Debug|Any CPU
		{1A7BAE28-E9FC-4A55-49C7-164A2A6A442E}.Debug|Any CPU.Build.0 = Debug|Any CPU
		{1A7BAE28-E9FC-4A55-49C7-164A2A6A442E}.Release|Any CPU.ActiveCfg = Release|Any CPU
		{1A7BAE28-E9FC-4A55-49C7-164A2A6A442E}.Release|Any CPU.Build.0 = Release|Any CPU
		{844D7B48-9FE1-256A-EC98-259B1464DD15}.Debug|Any CPU.ActiveCfg = Debug|Any CPU
		{844D7B48-9FE1-256A-EC98-259B1464DD15}.Debug|Any CPU.Build.0 = Debug|Any CPU
		{844D7B48-9FE1-256A-EC98-259B1464DD15}.Release|Any CPU.ActiveCfg = Release|Any CPU
		{844D7B48-9FE1-256A-EC98-259B1464DD15}.Release|Any CPU.Build.0 = Release|Any CPU
		{633897FB-7290-78AB-2CB8-C0F5991757FA}.Debug|Any CPU.ActiveCfg = Debug|Any CPU
		{633897FB-7290-78AB-2CB8-C0F5991757FA}.Debug|Any CPU.Build.0 = Debug|Any CPU
		{633897FB-7290-78AB-2CB8-C0F5991757FA}.Release|Any CPU.ActiveCfg = Release|Any CPU
		{633897FB-7290-78AB-2CB8-C0F5991757FA}.Release|Any CPU.Build.0 = Release|Any CPU
		{AC465AD2-7804-8AC7-5236-19CA270333BD}.Debug|Any CPU.ActiveCfg = Debug|Any CPU
		{AC465AD2-7804-8AC7-5236-19CA270333BD}.Debug|Any CPU.Build.0 = Debug|Any CPU
		{AC465AD2-7804-8AC7-5236-19CA270333BD}.Release|Any CPU.ActiveCfg = Release|Any CPU
		{AC465AD2-7804-8AC7-5236-19CA270333BD}.Release|Any CPU.Build.0 = Release|Any CPU
	EndGlobalSection
	GlobalSection(SolutionProperties) = preSolution
		HideSolutionNode = FALSE
	EndGlobalSection
EndGlobal
